{
  "name": "textpac",
  "version": "1.0.0",
  "lockfileVersion": 3,
  "requires": true,
  "packages": {
    "": {
      "name": "textpac",
      "version": "1.0.0",
      "license": "ISC",
      "dependencies": {
        "calculatorrushi": "^1.0.0"
      }
    },
    "node_modules/calculatorrushi": {
      "version": "1.0.0",
      "resolved": "https://registry.npmjs.org/calculatorrushi/-/calculatorrushi-1.0.0.tgz",
      "integrity": "sha512-XfN2SKwOYlRG1WMtTewkxOJFrKnjI3Ci3G3CBCXY6Qypd9qjgwcS+5y4UhO64W2atekHFNpmRwepFgNOWuL7jQ=="
    }
  }
}
